<?xml version="1.0" encoding="utf-8"?>
<Project ToolsVersion="17.0" xmlns="http://schemas.microsoft.com/developer/msbuild/2003">
  <ItemGroup>
    <ClCompile Include="C:\Hijosdelsol\handoffkit\packages\cpp-ml\src\version.cpp">
      <Filter>Source Files</Filter>
    </ClCompile>
    <ClCompile Include="C:\Hijosdelsol\handoffkit\packages\cpp-ml\src\ops.cpp">
      <Filter>Source Files</Filter>
    </ClCompile>
    <ClCompile Include="C:\Hijosdelsol\handoffkit\packages\cpp-ml\src\cuda\runtime.cpp">
      <Filter>Source Files</Filter>
    </ClCompile>
    <ClCompile Include="C:\Hijosdelsol\handoffkit\packages\cpp-ml\src\cuda_kernels.cpp">
      <Filter>Source Files</Filter>
    </ClCompile>
  </ItemGroup>
  <ItemGroup>
    <CudaCompile Include="..\src\cuda\gemm.cu">
      <Filter>Source Files</Filter>
    </CudaCompile>
    <CudaCompile Include="..\src\cuda\elementwise.cu">
      <Filter>Source Files</Filter>
    </CudaCompile>
    <CudaCompile Include="..\src\cuda\reduce.cu">
      <Filter>Source Files</Filter>
    </CudaCompile>
  </ItemGroup>
  <ItemGroup>
    <CustomBuild Include="C:\Hijosdelsol\handoffkit\packages\cpp-ml\CMakeLists.txt" />
  </ItemGroup>
  <ItemGroup>
    <Filter Include="Source Files">
      <UniqueIdentifier>{57B66C42-500A-3833-A811-3FE8231C050D}</UniqueIdentifier>
    </Filter>
  </ItemGroup>
</Project>
